// !$*UTF8*$!
{
	archiveVersion = 1;
	classes = {
	};
	objectVersion = 51;
	objects = {

/* Begin PBXBuildFile section */
		7B2FD24026A3C79500FFCE98 /* SettingsModels.swift in Sources */ = {isa = PBXBuildFile; fileRef = 7B2FD23F26A3C79500FFCE98 /* SettingsModels.swift */; };
		7B2FD24226A63AAA00FFCE98 /* CommentCollectionViewCell.swift in Sources */ = {isa = PBXBuildFile; fileRef = 7B2FD24126A63AAA00FFCE98 /* CommentCollectionViewCell.swift */; };
		7B2FD24426A7DCB300FFCE98 /* Comment.swift in Sources */ = {isa = PBXBuildFile; fileRef = 7B2FD24326A7DCB300FFCE98 /* Comment.swift */; };
		7B2FD24626A9090100FFCE98 /* CommentBarView.swift in Sources */ = {isa = PBXBuildFile; fileRef = 7B2FD24526A9090100FFCE98 /* CommentBarView.swift */; };
		7B2FD24826AA7C5900FFCE98 /* SinglePostCellType.swift in Sources */ = {isa = PBXBuildFile; fileRef = 7B2FD24726AA7C5900FFCE98 /* SinglePostCellType.swift */; };
		7B2FD24A26AE503B00FFCE98 /* HapticsManager.swift in Sources */ = {isa = PBXBuildFile; fileRef = 7B2FD24926AE503A00FFCE98 /* HapticsManager.swift */; };
		7B2FD25226B2724400FFCE98 /* IGTests.swift in Sources */ = {isa = PBXBuildFile; fileRef = 7B2FD25126B2724400FFCE98 /* IGTests.swift */; };
		7B34003F26B3ACF4001CBB47 /* ConversationsViewController.swift in Sources */ = {isa = PBXBuildFile; fileRef = 7B34003E26B3ACF4001CBB47 /* ConversationsViewController.swift */; };
		7B34004126B8F574001CBB47 /* ChatViewController.swift in Sources */ = {isa = PBXBuildFile; fileRef = 7B34004026B8F574001CBB47 /* ChatViewController.swift */; };
		7B3D173F2647526000831E13 /* GoogleService-Info.plist in Resources */ = {isa = PBXBuildFile; fileRef = 7B3D173E2647526000831E13 /* GoogleService-Info.plist */; };
		7B3D17422647540E00831E13 /* AuthManager.swift in Sources */ = {isa = PBXBuildFile; fileRef = 7B3D17412647540E00831E13 /* AuthManager.swift */; };
		7B3D17442647548300831E13 /* DatabaseManager.swift in Sources */ = {isa = PBXBuildFile; fileRef = 7B3D17432647548300831E13 /* DatabaseManager.swift */; };
		7B3D1746264754DC00831E13 /* StorageManager.swift in Sources */ = {isa = PBXBuildFile; fileRef = 7B3D1745264754DC00831E13 /* StorageManager.swift */; };
		7B3D17482647551300831E13 /* AnalyticsManager.swift in Sources */ = {isa = PBXBuildFile; fileRef = 7B3D17472647551300831E13 /* AnalyticsManager.swift */; };
		7B3D17552648376600831E13 /* SignInViewController.swift in Sources */ = {isa = PBXBuildFile; fileRef = 7B3D17542648376600831E13 /* SignInViewController.swift */; };
		7B3D17572648378E00831E13 /* TabBarViewController.swift in Sources */ = {isa = PBXBuildFile; fileRef = 7B3D17562648378E00831E13 /* TabBarViewController.swift */; };
		7B3D175926483A7300831E13 /* ExploreViewController.swift in Sources */ = {isa = PBXBuildFile; fileRef = 7B3D175826483A7300831E13 /* ExploreViewController.swift */; };
		7B3D175B26483A9700831E13 /* CameraViewController.swift in Sources */ = {isa = PBXBuildFile; fileRef = 7B3D175A26483A9700831E13 /* CameraViewController.swift */; };
		7B3D175D26483AC100831E13 /* NotificationsViewController.swift in Sources */ = {isa = PBXBuildFile; fileRef = 7B3D175C26483AC100831E13 /* NotificationsViewController.swift */; };
		7B3D175F26483AE500831E13 /* ProfileViewController.swift in Sources */ = {isa = PBXBuildFile; fileRef = 7B3D175E26483AE500831E13 /* ProfileViewController.swift */; };
		7B567CEA2645FE9C00512ED0 /* AppDelegate.swift in Sources */ = {isa = PBXBuildFile; fileRef = 7B567CE92645FE9C00512ED0 /* AppDelegate.swift */; };
		7B567CEC2645FE9C00512ED0 /* SceneDelegate.swift in Sources */ = {isa = PBXBuildFile; fileRef = 7B567CEB2645FE9C00512ED0 /* SceneDelegate.swift */; };
		7B567CEE2645FE9C00512ED0 /* HomeViewController.swift in Sources */ = {isa = PBXBuildFile; fileRef = 7B567CED2645FE9C00512ED0 /* HomeViewController.swift */; };
		7B567CF32645FE9E00512ED0 /* Assets.xcassets in Resources */ = {isa = PBXBuildFile; fileRef = 7B567CF22645FE9E00512ED0 /* Assets.xcassets */; };
		7B567CF62645FE9E00512ED0 /* LaunchScreen.storyboard in Resources */ = {isa = PBXBuildFile; fileRef = 7B567CF42645FE9E00512ED0 /* LaunchScreen.storyboard */; };
		7B5EADE62684FF0B00EC0192 /* IGNotification.swift in Sources */ = {isa = PBXBuildFile; fileRef = 7B5EADE52684FF0B00EC0192 /* IGNotification.swift */; };
		7B5EADE8268D753500EC0192 /* ProfileHeaderCollectionReusableView.swift in Sources */ = {isa = PBXBuildFile; fileRef = 7B5EADE7268D753500EC0192 /* ProfileHeaderCollectionReusableView.swift */; };
		7B5EADEA268D75BC00EC0192 /* ProfileHeaderViewModel.swift in Sources */ = {isa = PBXBuildFile; fileRef = 7B5EADE9268D75BC00EC0192 /* ProfileHeaderViewModel.swift */; };
		7B5EADEC268E7EBF00EC0192 /* ProfileHeaderCountView.swift in Sources */ = {isa = PBXBuildFile; fileRef = 7B5EADEB268E7EBF00EC0192 /* ProfileHeaderCountView.swift */; };
		7B5EADEE2690231C00EC0192 /* ProfileHeaderCountViewModel.swift in Sources */ = {isa = PBXBuildFile; fileRef = 7B5EADED2690231C00EC0192 /* ProfileHeaderCountViewModel.swift */; };
		7B5EADF0269405FC00EC0192 /* UserInfo.swift in Sources */ = {isa = PBXBuildFile; fileRef = 7B5EADEF269405FC00EC0192 /* UserInfo.swift */; };
		7B5EADF22695600B00EC0192 /* EditProfileViewController.swift in Sources */ = {isa = PBXBuildFile; fileRef = 7B5EADF12695600B00EC0192 /* EditProfileViewController.swift */; };
		7B5EADF42698215900EC0192 /* IGFollowButton.swift in Sources */ = {isa = PBXBuildFile; fileRef = 7B5EADF32698215900EC0192 /* IGFollowButton.swift */; };
		7B83752B264B955E00159105 /* Extensions.swift in Sources */ = {isa = PBXBuildFile; fileRef = 7B83752A264B955E00159105 /* Extensions.swift */; };
		7B83752D264B9E3C00159105 /* SignInHeaderView.swift in Sources */ = {isa = PBXBuildFile; fileRef = 7B83752C264B9E3C00159105 /* SignInHeaderView.swift */; };
		7B83752F264E2B0300159105 /* IGTextField.swift in Sources */ = {isa = PBXBuildFile; fileRef = 7B83752E264E2B0300159105 /* IGTextField.swift */; };
		7B837539264F960400159105 /* SignUpViewController.swift in Sources */ = {isa = PBXBuildFile; fileRef = 7B837538264F960400159105 /* SignUpViewController.swift */; };
		7B83753E26548B3100159105 /* User.swift in Sources */ = {isa = PBXBuildFile; fileRef = 7B83753D26548B3100159105 /* User.swift */; };
		7B9A6DD92658CE810012B166 /* SettingsViewController.swift in Sources */ = {isa = PBXBuildFile; fileRef = 7B9A6DD82658CE810012B166 /* SettingsViewController.swift */; };
		7B9C59702660B2120000C217 /* PosterCollectionViewCellViewModel.swift in Sources */ = {isa = PBXBuildFile; fileRef = 7B9C596F2660B2120000C217 /* PosterCollectionViewCellViewModel.swift */; };
		7B9C59722660B2520000C217 /* PostCollectionViewCellViewModel.swift in Sources */ = {isa = PBXBuildFile; fileRef = 7B9C59712660B2520000C217 /* PostCollectionViewCellViewModel.swift */; };
		7B9C59742660B29C0000C217 /* PostActionsCollectionViewCellViewModel.swift in Sources */ = {isa = PBXBuildFile; fileRef = 7B9C59732660B29C0000C217 /* PostActionsCollectionViewCellViewModel.swift */; };
		7B9C59762660B2EE0000C217 /* PostLikesCollectionViewCellViewModel.swift in Sources */ = {isa = PBXBuildFile; fileRef = 7B9C59752660B2EE0000C217 /* PostLikesCollectionViewCellViewModel.swift */; };
		7B9C59782660B3430000C217 /* PostCaptionCollectionViewCellViewModel.swift in Sources */ = {isa = PBXBuildFile; fileRef = 7B9C59772660B3430000C217 /* PostCaptionCollectionViewCellViewModel.swift */; };
		7B9C597A2660B3A90000C217 /* PostDatetimeCollectionViewCellViewModel.swift in Sources */ = {isa = PBXBuildFile; fileRef = 7B9C59792660B3A90000C217 /* PostDatetimeCollectionViewCellViewModel.swift */; };
		7B9C597C2660B5060000C217 /* HomeFeedCellType.swift in Sources */ = {isa = PBXBuildFile; fileRef = 7B9C597B2660B5060000C217 /* HomeFeedCellType.swift */; };
		7B9E5BA7267FB597002E8222 /* FollowNotificationTableViewCell.swift in Sources */ = {isa = PBXBuildFile; fileRef = 7B9E5BA6267FB597002E8222 /* FollowNotificationTableViewCell.swift */; };
		7B9E5BA9267FB5C1002E8222 /* LikeNotificationTableViewCell.swift in Sources */ = {isa = PBXBuildFile; fileRef = 7B9E5BA8267FB5C1002E8222 /* LikeNotificationTableViewCell.swift */; };
		7B9E5BAB267FB5DF002E8222 /* CommentNotificationTableViewCell.swift in Sources */ = {isa = PBXBuildFile; fileRef = 7B9E5BAA267FB5DF002E8222 /* CommentNotificationTableViewCell.swift */; };
		7B9E5BAD267FB7C3002E8222 /* NotificationsManager.swift in Sources */ = {isa = PBXBuildFile; fileRef = 7B9E5BAC267FB7C3002E8222 /* NotificationsManager.swift */; };
		7B9E5BAF26810DC0002E8222 /* NotificationCellType.swift in Sources */ = {isa = PBXBuildFile; fileRef = 7B9E5BAE26810DC0002E8222 /* NotificationCellType.swift */; };
		7B9E5BB126810E19002E8222 /* FollowNotificationCellViewModel.swift in Sources */ = {isa = PBXBuildFile; fileRef = 7B9E5BB026810E19002E8222 /* FollowNotificationCellViewModel.swift */; };
		7B9E5BB326810EAC002E8222 /* LikeNotificationCellViewModel.swift in Sources */ = {isa = PBXBuildFile; fileRef = 7B9E5BB226810EAC002E8222 /* LikeNotificationCellViewModel.swift */; };
		7B9E5BB526810EC5002E8222 /* CommentNotificationCellViewModel.swift in Sources */ = {isa = PBXBuildFile; fileRef = 7B9E5BB426810EC5002E8222 /* CommentNotificationCellViewModel.swift */; };
		7BA4EF2C26BCFE4900E255EE /* NewConversationViewController.swift in Sources */ = {isa = PBXBuildFile; fileRef = 7BA4EF2B26BCFE4900E255EE /* NewConversationViewController.swift */; };
		7BB0414026731726005044B0 /* Post.swift in Sources */ = {isa = PBXBuildFile; fileRef = 7BB0413F26731726005044B0 /* Post.swift */; };
		7BB0414226786F85005044B0 /* SearchResultsViewController.swift in Sources */ = {isa = PBXBuildFile; fileRef = 7BB0414126786F85005044B0 /* SearchResultsViewController.swift */; };
		7BC6E93B269A990F00419BDF /* ListUserTableViewCell.swift in Sources */ = {isa = PBXBuildFile; fileRef = 7BC6E93A269A990F00419BDF /* ListUserTableViewCell.swift */; };
		7BC6E93D269A9C6E00419BDF /* ListUserTableViewCellViewModel.swift in Sources */ = {isa = PBXBuildFile; fileRef = 7BC6E93C269A9C6E00419BDF /* ListUserTableViewCellViewModel.swift */; };
		7BFE15AB2661F839006A18B3 /* PosterCollectionViewCell.swift in Sources */ = {isa = PBXBuildFile; fileRef = 7BFE15AA2661F839006A18B3 /* PosterCollectionViewCell.swift */; };
		7BFE15AD2661F8F5006A18B3 /* PostCollectionViewCell.swift in Sources */ = {isa = PBXBuildFile; fileRef = 7BFE15AC2661F8F5006A18B3 /* PostCollectionViewCell.swift */; };
		7BFE15AF2661F933006A18B3 /* PostActionsCollectionViewCell.swift in Sources */ = {isa = PBXBuildFile; fileRef = 7BFE15AE2661F933006A18B3 /* PostActionsCollectionViewCell.swift */; };
		7BFE15B12661F95A006A18B3 /* PostLikesCollectionViewCell.swift in Sources */ = {isa = PBXBuildFile; fileRef = 7BFE15B02661F95A006A18B3 /* PostLikesCollectionViewCell.swift */; };
		7BFE15B32661F973006A18B3 /* PostCaptionCollectionViewCell.swift in Sources */ = {isa = PBXBuildFile; fileRef = 7BFE15B22661F973006A18B3 /* PostCaptionCollectionViewCell.swift */; };
		7BFE15B52661F9B2006A18B3 /* PostDatetimeCollectionViewCell.swift in Sources */ = {isa = PBXBuildFile; fileRef = 7BFE15B42661F9B2006A18B3 /* PostDatetimeCollectionViewCell.swift */; };
		7BFE15B72666F7F3006A18B3 /* PostViewController.swift in Sources */ = {isa = PBXBuildFile; fileRef = 7BFE15B62666F7F3006A18B3 /* PostViewController.swift */; };
		7BFE15B92666FC39006A18B3 /* ListViewController.swift in Sources */ = {isa = PBXBuildFile; fileRef = 7BFE15B82666FC39006A18B3 /* ListViewController.swift */; };
		7BFE15BB266C9097006A18B3 /* PostEditViewController.swift in Sources */ = {isa = PBXBuildFile; fileRef = 7BFE15BA266C9097006A18B3 /* PostEditViewController.swift */; };
		7BFE15BD266F1E46006A18B3 /* PhotoCollectionViewCell.swift in Sources */ = {isa = PBXBuildFile; fileRef = 7BFE15BC266F1E46006A18B3 /* PhotoCollectionViewCell.swift */; };
		7BFE15BF266F2249006A18B3 /* CaptionViewController.swift in Sources */ = {isa = PBXBuildFile; fileRef = 7BFE15BE266F2249006A18B3 /* CaptionViewController.swift */; };
		85F20CF35506387F67906B67 /* Pods_IGTests.framework in Frameworks */ = {isa = PBXBuildFile; fileRef = 2D3FED0E308B8F3903FE64F0 /* Pods_IGTests.framework */; };
		966C7598DD22CAF0CFCA3D35 /* Pods_IG.framework in Frameworks */ = {isa = PBXBuildFile; fileRef = B0CDA83C170E09C32DEB6B3B /* Pods_IG.framework */; };
/* End PBXBuildFile section */

/* Begin PBXContainerItemProxy section */
		7B2FD25426B2724400FFCE98 /* PBXContainerItemProxy */ = {
			isa = PBXContainerItemProxy;
			containerPortal = 7B567CDE2645FE9C00512ED0 /* Project object */;
			proxyType = 1;
			remoteGlobalIDString = 7B567CE52645FE9C00512ED0;
			remoteInfo = IG;
		};
/* End PBXContainerItemProxy section */

/* Begin PBXFileReference section */
		2D3FED0E308B8F3903FE64F0 /* Pods_IGTests.framework */ = {isa = PBXFileReference; explicitFileType = wrapper.framework; includeInIndex = 0; path = Pods_IGTests.framework; sourceTree = BUILT_PRODUCTS_DIR; };
		30B730D9963722385E1CFC91 /* Pods-IG.release.xcconfig */ = {isa = PBXFileReference; includeInIndex = 1; lastKnownFileType = text.xcconfig; name = "Pods-IG.release.xcconfig"; path = "Target Support Files/Pods-IG/Pods-IG.release.xcconfig"; sourceTree = "<group>"; };
		56B06870A3094665BE83AEC7 /* Pods-IGTests.debug.xcconfig */ = {isa = PBXFileReference; includeInIndex = 1; lastKnownFileType = text.xcconfig; name = "Pods-IGTests.debug.xcconfig"; path = "Target Support Files/Pods-IGTests/Pods-IGTests.debug.xcconfig"; sourceTree = "<group>"; };
		7B0B965A48AE8111556A2C51 /* Pods-IGTests.release.xcconfig */ = {isa = PBXFileReference; includeInIndex = 1; lastKnownFileType = text.xcconfig; name = "Pods-IGTests.release.xcconfig"; path = "Target Support Files/Pods-IGTests/Pods-IGTests.release.xcconfig"; sourceTree = "<group>"; };
		7B2FD23F26A3C79500FFCE98 /* SettingsModels.swift */ = {isa = PBXFileReference; lastKnownFileType = sourcecode.swift; path = SettingsModels.swift; sourceTree = "<group>"; };
		7B2FD24126A63AAA00FFCE98 /* CommentCollectionViewCell.swift */ = {isa = PBXFileReference; lastKnownFileType = sourcecode.swift; path = CommentCollectionViewCell.swift; sourceTree = "<group>"; };
		7B2FD24326A7DCB300FFCE98 /* Comment.swift */ = {isa = PBXFileReference; lastKnownFileType = sourcecode.swift; path = Comment.swift; sourceTree = "<group>"; };
		7B2FD24526A9090100FFCE98 /* CommentBarView.swift */ = {isa = PBXFileReference; lastKnownFileType = sourcecode.swift; path = CommentBarView.swift; sourceTree = "<group>"; };
		7B2FD24726AA7C5900FFCE98 /* SinglePostCellType.swift */ = {isa = PBXFileReference; lastKnownFileType = sourcecode.swift; path = SinglePostCellType.swift; sourceTree = "<group>"; };
		7B2FD24926AE503A00FFCE98 /* HapticsManager.swift */ = {isa = PBXFileReference; lastKnownFileType = sourcecode.swift; path = HapticsManager.swift; sourceTree = "<group>"; };
		7B2FD24F26B2724400FFCE98 /* IGTests.xctest */ = {isa = PBXFileReference; explicitFileType = wrapper.cfbundle; includeInIndex = 0; path = IGTests.xctest; sourceTree = BUILT_PRODUCTS_DIR; };
		7B2FD25126B2724400FFCE98 /* IGTests.swift */ = {isa = PBXFileReference; lastKnownFileType = sourcecode.swift; path = IGTests.swift; sourceTree = "<group>"; };
		7B2FD25326B2724400FFCE98 /* Info.plist */ = {isa = PBXFileReference; lastKnownFileType = text.plist.xml; path = Info.plist; sourceTree = "<group>"; };
		7B34003E26B3ACF4001CBB47 /* ConversationsViewController.swift */ = {isa = PBXFileReference; lastKnownFileType = sourcecode.swift; path = ConversationsViewController.swift; sourceTree = "<group>"; };
		7B34004026B8F574001CBB47 /* ChatViewController.swift */ = {isa = PBXFileReference; lastKnownFileType = sourcecode.swift; path = ChatViewController.swift; sourceTree = "<group>"; };
		7B3D173E2647526000831E13 /* GoogleService-Info.plist */ = {isa = PBXFileReference; fileEncoding = 4; lastKnownFileType = text.plist.xml; path = "GoogleService-Info.plist"; sourceTree = "<group>"; };
		7B3D17412647540E00831E13 /* AuthManager.swift */ = {isa = PBXFileReference; lastKnownFileType = sourcecode.swift; path = AuthManager.swift; sourceTree = "<group>"; };
		7B3D17432647548300831E13 /* DatabaseManager.swift */ = {isa = PBXFileReference; lastKnownFileType = sourcecode.swift; path = DatabaseManager.swift; sourceTree = "<group>"; };
		7B3D1745264754DC00831E13 /* StorageManager.swift */ = {isa = PBXFileReference; lastKnownFileType = sourcecode.swift; path = StorageManager.swift; sourceTree = "<group>"; };
		7B3D17472647551300831E13 /* AnalyticsManager.swift */ = {isa = PBXFileReference; lastKnownFileType = sourcecode.swift; path = AnalyticsManager.swift; sourceTree = "<group>"; };
		7B3D17542648376600831E13 /* SignInViewController.swift */ = {isa = PBXFileReference; lastKnownFileType = sourcecode.swift; path = SignInViewController.swift; sourceTree = "<group>"; };
		7B3D17562648378E00831E13 /* TabBarViewController.swift */ = {isa = PBXFileReference; lastKnownFileType = sourcecode.swift; path = TabBarViewController.swift; sourceTree = "<group>"; };
		7B3D175826483A7300831E13 /* ExploreViewController.swift */ = {isa = PBXFileReference; lastKnownFileType = sourcecode.swift; path = ExploreViewController.swift; sourceTree = "<group>"; };
		7B3D175A26483A9700831E13 /* CameraViewController.swift */ = {isa = PBXFileReference; lastKnownFileType = sourcecode.swift; path = CameraViewController.swift; sourceTree = "<group>"; };
		7B3D175C26483AC100831E13 /* NotificationsViewController.swift */ = {isa = PBXFileReference; lastKnownFileType = sourcecode.swift; path = NotificationsViewController.swift; sourceTree = "<group>"; };
		7B3D175E26483AE500831E13 /* ProfileViewController.swift */ = {isa = PBXFileReference; lastKnownFileType = sourcecode.swift; path = ProfileViewController.swift; sourceTree = "<group>"; };
		7B567CE62645FE9C00512ED0 /* IG.app */ = {isa = PBXFileReference; explicitFileType = wrapper.application; includeInIndex = 0; path = IG.app; sourceTree = BUILT_PRODUCTS_DIR; };
		7B567CE92645FE9C00512ED0 /* AppDelegate.swift */ = {isa = PBXFileReference; lastKnownFileType = sourcecode.swift; path = AppDelegate.swift; sourceTree = "<group>"; };
		7B567CEB2645FE9C00512ED0 /* SceneDelegate.swift */ = {isa = PBXFileReference; lastKnownFileType = sourcecode.swift; path = SceneDelegate.swift; sourceTree = "<group>"; };
		7B567CED2645FE9C00512ED0 /* HomeViewController.swift */ = {isa = PBXFileReference; lastKnownFileType = sourcecode.swift; path = HomeViewController.swift; sourceTree = "<group>"; };
		7B567CF22645FE9E00512ED0 /* Assets.xcassets */ = {isa = PBXFileReference; lastKnownFileType = folder.assetcatalog; path = Assets.xcassets; sourceTree = "<group>"; };
		7B567CF52645FE9E00512ED0 /* Base */ = {isa = PBXFileReference; lastKnownFileType = file.storyboard; name = Base; path = Base.lproj/LaunchScreen.storyboard; sourceTree = "<group>"; };
		7B567CF72645FE9E00512ED0 /* Info.plist */ = {isa = PBXFileReference; lastKnownFileType = text.plist.xml; path = Info.plist; sourceTree = "<group>"; };
		7B5EADE52684FF0B00EC0192 /* IGNotification.swift */ = {isa = PBXFileReference; lastKnownFileType = sourcecode.swift; path = IGNotification.swift; sourceTree = "<group>"; };
		7B5EADE7268D753500EC0192 /* ProfileHeaderCollectionReusableView.swift */ = {isa = PBXFileReference; lastKnownFileType = sourcecode.swift; path = ProfileHeaderCollectionReusableView.swift; sourceTree = "<group>"; };
		7B5EADE9268D75BC00EC0192 /* ProfileHeaderViewModel.swift */ = {isa = PBXFileReference; lastKnownFileType = sourcecode.swift; path = ProfileHeaderViewModel.swift; sourceTree = "<group>"; };
		7B5EADEB268E7EBF00EC0192 /* ProfileHeaderCountView.swift */ = {isa = PBXFileReference; lastKnownFileType = sourcecode.swift; path = ProfileHeaderCountView.swift; sourceTree = "<group>"; };
		7B5EADED2690231C00EC0192 /* ProfileHeaderCountViewModel.swift */ = {isa = PBXFileReference; lastKnownFileType = sourcecode.swift; path = ProfileHeaderCountViewModel.swift; sourceTree = "<group>"; };
		7B5EADEF269405FC00EC0192 /* UserInfo.swift */ = {isa = PBXFileReference; lastKnownFileType = sourcecode.swift; path = UserInfo.swift; sourceTree = "<group>"; };
		7B5EADF12695600B00EC0192 /* EditProfileViewController.swift */ = {isa = PBXFileReference; lastKnownFileType = sourcecode.swift; path = EditProfileViewController.swift; sourceTree = "<group>"; };
		7B5EADF32698215900EC0192 /* IGFollowButton.swift */ = {isa = PBXFileReference; lastKnownFileType = sourcecode.swift; path = IGFollowButton.swift; sourceTree = "<group>"; };
		7B83752A264B955E00159105 /* Extensions.swift */ = {isa = PBXFileReference; lastKnownFileType = sourcecode.swift; path = Extensions.swift; sourceTree = "<group>"; };
		7B83752C264B9E3C00159105 /* SignInHeaderView.swift */ = {isa = PBXFileReference; lastKnownFileType = sourcecode.swift; path = SignInHeaderView.swift; sourceTree = "<group>"; };
		7B83752E264E2B0300159105 /* IGTextField.swift */ = {isa = PBXFileReference; lastKnownFileType = sourcecode.swift; path = IGTextField.swift; sourceTree = "<group>"; };
		7B837538264F960400159105 /* SignUpViewController.swift */ = {isa = PBXFileReference; lastKnownFileType = sourcecode.swift; path = SignUpViewController.swift; sourceTree = "<group>"; };
		7B83753D26548B3100159105 /* User.swift */ = {isa = PBXFileReference; lastKnownFileType = sourcecode.swift; path = User.swift; sourceTree = "<group>"; };
		7B9A6DD82658CE810012B166 /* SettingsViewController.swift */ = {isa = PBXFileReference; lastKnownFileType = sourcecode.swift; path = SettingsViewController.swift; sourceTree = "<group>"; };
		7B9C596F2660B2120000C217 /* PosterCollectionViewCellViewModel.swift */ = {isa = PBXFileReference; lastKnownFileType = sourcecode.swift; path = PosterCollectionViewCellViewModel.swift; sourceTree = "<group>"; };
		7B9C59712660B2520000C217 /* PostCollectionViewCellViewModel.swift */ = {isa = PBXFileReference; lastKnownFileType = sourcecode.swift; path = PostCollectionViewCellViewModel.swift; sourceTree = "<group>"; };
		7B9C59732660B29C0000C217 /* PostActionsCollectionViewCellViewModel.swift */ = {isa = PBXFileReference; lastKnownFileType = sourcecode.swift; path = PostActionsCollectionViewCellViewModel.swift; sourceTree = "<group>"; };
		7B9C59752660B2EE0000C217 /* PostLikesCollectionViewCellViewModel.swift */ = {isa = PBXFileReference; lastKnownFileType = sourcecode.swift; path = PostLikesCollectionViewCellViewModel.swift; sourceTree = "<group>"; };
		7B9C59772660B3430000C217 /* PostCaptionCollectionViewCellViewModel.swift */ = {isa = PBXFileReference; lastKnownFileType = sourcecode.swift; path = PostCaptionCollectionViewCellViewModel.swift; sourceTree = "<group>"; };
		7B9C59792660B3A90000C217 /* PostDatetimeCollectionViewCellViewModel.swift */ = {isa = PBXFileReference; lastKnownFileType = sourcecode.swift; path = PostDatetimeCollectionViewCellViewModel.swift; sourceTree = "<group>"; };
		7B9C597B2660B5060000C217 /* HomeFeedCellType.swift */ = {isa = PBXFileReference; lastKnownFileType = sourcecode.swift; path = HomeFeedCellType.swift; sourceTree = "<group>"; };
		7B9E5BA6267FB597002E8222 /* FollowNotificationTableViewCell.swift */ = {isa = PBXFileReference; lastKnownFileType = sourcecode.swift; path = FollowNotificationTableViewCell.swift; sourceTree = "<group>"; };
		7B9E5BA8267FB5C1002E8222 /* LikeNotificationTableViewCell.swift */ = {isa = PBXFileReference; lastKnownFileType = sourcecode.swift; path = LikeNotificationTableViewCell.swift; sourceTree = "<group>"; };
		7B9E5BAA267FB5DF002E8222 /* CommentNotificationTableViewCell.swift */ = {isa = PBXFileReference; lastKnownFileType = sourcecode.swift; path = CommentNotificationTableViewCell.swift; sourceTree = "<group>"; };
		7B9E5BAC267FB7C3002E8222 /* NotificationsManager.swift */ = {isa = PBXFileReference; lastKnownFileType = sourcecode.swift; path = NotificationsManager.swift; sourceTree = "<group>"; };
		7B9E5BAE26810DC0002E8222 /* NotificationCellType.swift */ = {isa = PBXFileReference; lastKnownFileType = sourcecode.swift; path = NotificationCellType.swift; sourceTree = "<group>"; };
		7B9E5BB026810E19002E8222 /* FollowNotificationCellViewModel.swift */ = {isa = PBXFileReference; lastKnownFileType = sourcecode.swift; path = FollowNotificationCellViewModel.swift; sourceTree = "<group>"; };
		7B9E5BB226810EAC002E8222 /* LikeNotificationCellViewModel.swift */ = {isa = PBXFileReference; lastKnownFileType = sourcecode.swift; path = LikeNotificationCellViewModel.swift; sourceTree = "<group>"; };
		7B9E5BB426810EC5002E8222 /* CommentNotificationCellViewModel.swift */ = {isa = PBXFileReference; lastKnownFileType = sourcecode.swift; path = CommentNotificationCellViewModel.swift; sourceTree = "<group>"; };
		7BA4EF2B26BCFE4900E255EE /* NewConversationViewController.swift */ = {isa = PBXFileReference; lastKnownFileType = sourcecode.swift; path = NewConversationViewController.swift; sourceTree = "<group>"; };
		7BB0413F26731726005044B0 /* Post.swift */ = {isa = PBXFileReference; lastKnownFileType = sourcecode.swift; path = Post.swift; sourceTree = "<group>"; };
		7BB0414126786F85005044B0 /* SearchResultsViewController.swift */ = {isa = PBXFileReference; lastKnownFileType = sourcecode.swift; path = SearchResultsViewController.swift; sourceTree = "<group>"; };
		7BC6E93A269A990F00419BDF /* ListUserTableViewCell.swift */ = {isa = PBXFileReference; lastKnownFileType = sourcecode.swift; path = ListUserTableViewCell.swift; sourceTree = "<group>"; };
		7BC6E93C269A9C6E00419BDF /* ListUserTableViewCellViewModel.swift */ = {isa = PBXFileReference; lastKnownFileType = sourcecode.swift; path = ListUserTableViewCellViewModel.swift; sourceTree = "<group>"; };
		7BFE15AA2661F839006A18B3 /* PosterCollectionViewCell.swift */ = {isa = PBXFileReference; lastKnownFileType = sourcecode.swift; path = PosterCollectionViewCell.swift; sourceTree = "<group>"; };
		7BFE15AC2661F8F5006A18B3 /* PostCollectionViewCell.swift */ = {isa = PBXFileReference; lastKnownFileType = sourcecode.swift; path = PostCollectionViewCell.swift; sourceTree = "<group>"; };
		7BFE15AE2661F933006A18B3 /* PostActionsCollectionViewCell.swift */ = {isa = PBXFileReference; lastKnownFileType = sourcecode.swift; path = PostActionsCollectionViewCell.swift; sourceTree = "<group>"; };
		7BFE15B02661F95A006A18B3 /* PostLikesCollectionViewCell.swift */ = {isa = PBXFileReference; lastKnownFileType = sourcecode.swift; path = PostLikesCollectionViewCell.swift; sourceTree = "<group>"; };
		7BFE15B22661F973006A18B3 /* PostCaptionCollectionViewCell.swift */ = {isa = PBXFileReference; lastKnownFileType = sourcecode.swift; path = PostCaptionCollectionViewCell.swift; sourceTree = "<group>"; };
		7BFE15B42661F9B2006A18B3 /* PostDatetimeCollectionViewCell.swift */ = {isa = PBXFileReference; lastKnownFileType = sourcecode.swift; path = PostDatetimeCollectionViewCell.swift; sourceTree = "<group>"; };
		7BFE15B62666F7F3006A18B3 /* PostViewController.swift */ = {isa = PBXFileReference; lastKnownFileType = sourcecode.swift; path = PostViewController.swift; sourceTree = "<group>"; };
		7BFE15B82666FC39006A18B3 /* ListViewController.swift */ = {isa = PBXFileReference; lastKnownFileType = sourcecode.swift; path = ListViewController.swift; sourceTree = "<group>"; };
		7BFE15BA266C9097006A18B3 /* PostEditViewController.swift */ = {isa = PBXFileReference; lastKnownFileType = sourcecode.swift; path = PostEditViewController.swift; sourceTree = "<group>"; };
		7BFE15BC266F1E46006A18B3 /* PhotoCollectionViewCell.swift */ = {isa = PBXFileReference; lastKnownFileType = sourcecode.swift; path = PhotoCollectionViewCell.swift; sourceTree = "<group>"; };
		7BFE15BE266F2249006A18B3 /* CaptionViewController.swift */ = {isa = PBXFileReference; lastKnownFileType = sourcecode.swift; path = CaptionViewController.swift; sourceTree = "<group>"; };
		B0CDA83C170E09C32DEB6B3B /* Pods_IG.framework */ = {isa = PBXFileReference; explicitFileType = wrapper.framework; includeInIndex = 0; path = Pods_IG.framework; sourceTree = BUILT_PRODUCTS_DIR; };
		F70894DBBBDD01391B2E610C /* Pods-IG.debug.xcconfig */ = {isa = PBXFileReference; includeInIndex = 1; lastKnownFileType = text.xcconfig; name = "Pods-IG.debug.xcconfig"; path = "Target Support Files/Pods-IG/Pods-IG.debug.xcconfig"; sourceTree = "<group>"; };
/* End PBXFileReference section */

/* Begin PBXFrameworksBuildPhase section */
		7B2FD24C26B2724400FFCE98 /* Frameworks */ = {
			isa = PBXFrameworksBuildPhase;
			buildActionMask = 2147483647;
			files = (
				85F20CF35506387F67906B67 /* Pods_IGTests.framework in Frameworks */,
			);
			runOnlyForDeploymentPostprocessing = 0;
		};
		7B567CE32645FE9C00512ED0 /* Frameworks */ = {
			isa = PBXFrameworksBuildPhase;
			buildActionMask = 2147483647;
			files = (
				966C7598DD22CAF0CFCA3D35 /* Pods_IG.framework in Frameworks */,
			);
			runOnlyForDeploymentPostprocessing = 0;
		};
/* End PBXFrameworksBuildPhase section */

/* Begin PBXGroup section */
		10B5451517A7C58524020240 /* Frameworks */ = {
			isa = PBXGroup;
			children = (
				B0CDA83C170E09C32DEB6B3B /* Pods_IG.framework */,
				2D3FED0E308B8F3903FE64F0 /* Pods_IGTests.framework */,
			);
			name = Frameworks;
			sourceTree = "<group>";
		};
		47E54EAB2379CBCE50C7D7BA /* Pods */ = {
			isa = PBXGroup;
			children = (
				F70894DBBBDD01391B2E610C /* Pods-IG.debug.xcconfig */,
				30B730D9963722385E1CFC91 /* Pods-IG.release.xcconfig */,
				56B06870A3094665BE83AEC7 /* Pods-IGTests.debug.xcconfig */,
				7B0B965A48AE8111556A2C51 /* Pods-IGTests.release.xcconfig */,
			);
			path = Pods;
			sourceTree = "<group>";
		};
		7B2FD25026B2724400FFCE98 /* IGTests */ = {
			isa = PBXGroup;
			children = (
				7B2FD25126B2724400FFCE98 /* IGTests.swift */,
				7B2FD25326B2724400FFCE98 /* Info.plist */,
			);
			path = IGTests;
			sourceTree = "<group>";
		};
		7B3D1740264753F800831E13 /* Managers */ = {
			isa = PBXGroup;
			children = (
				7B3D17412647540E00831E13 /* AuthManager.swift */,
				7B3D17432647548300831E13 /* DatabaseManager.swift */,
				7B3D1745264754DC00831E13 /* StorageManager.swift */,
				7B3D17472647551300831E13 /* AnalyticsManager.swift */,
				7B9E5BAC267FB7C3002E8222 /* NotificationsManager.swift */,
				7B2FD24926AE503A00FFCE98 /* HapticsManager.swift */,
			);
			path = Managers;
			sourceTree = "<group>";
		};
		7B567CDD2645FE9C00512ED0 = {
			isa = PBXGroup;
			children = (
				7B567CE82645FE9C00512ED0 /* IG */,
				7B2FD25026B2724400FFCE98 /* IGTests */,
				7B567CE72645FE9C00512ED0 /* Products */,
				47E54EAB2379CBCE50C7D7BA /* Pods */,
				10B5451517A7C58524020240 /* Frameworks */,
			);
			sourceTree = "<group>";
		};
		7B567CE72645FE9C00512ED0 /* Products */ = {
			isa = PBXGroup;
			children = (
				7B567CE62645FE9C00512ED0 /* IG.app */,
				7B2FD24F26B2724400FFCE98 /* IGTests.xctest */,
			);
			name = Products;
			sourceTree = "<group>";
		};
		7B567CE82645FE9C00512ED0 /* IG */ = {
			isa = PBXGroup;
			children = (
				7B83753C26548B1500159105 /* Models */,
				7B9C596E2660B1A50000C217 /* ViewModels */,
				7B3D1740264753F800831E13 /* Managers */,
				7BC8CC9226460362007ACA1A /* Views */,
				7BC8CC912646031A007ACA1A /* Controllers */,
				7BC8CC90264602DA007ACA1A /* Resources */,
				7B567CF72645FE9E00512ED0 /* Info.plist */,
			);
			path = IG;
			sourceTree = "<group>";
		};
		7B837530264F73EC00159105 /* Other */ = {
			isa = PBXGroup;
			children = (
				7B3D17542648376600831E13 /* SignInViewController.swift */,
				7B837538264F960400159105 /* SignUpViewController.swift */,
				7B9A6DD82658CE810012B166 /* SettingsViewController.swift */,
				7BFE15B62666F7F3006A18B3 /* PostViewController.swift */,
				7BFE15B82666FC39006A18B3 /* ListViewController.swift */,
				7BFE15BA266C9097006A18B3 /* PostEditViewController.swift */,
				7BFE15BE266F2249006A18B3 /* CaptionViewController.swift */,
				7BB0414126786F85005044B0 /* SearchResultsViewController.swift */,
				7B5EADF12695600B00EC0192 /* EditProfileViewController.swift */,
				7B34003E26B3ACF4001CBB47 /* ConversationsViewController.swift */,
				7B34004026B8F574001CBB47 /* ChatViewController.swift */,
				7BA4EF2B26BCFE4900E255EE /* NewConversationViewController.swift */,
			);
			path = Other;
			sourceTree = "<group>";
		};
		7B83753C26548B1500159105 /* Models */ = {
			isa = PBXGroup;
			children = (
				7B83753D26548B3100159105 /* User.swift */,
				7B9C597B2660B5060000C217 /* HomeFeedCellType.swift */,
				7BB0413F26731726005044B0 /* Post.swift */,
				7B9E5BAE26810DC0002E8222 /* NotificationCellType.swift */,
				7B5EADE52684FF0B00EC0192 /* IGNotification.swift */,
				7B5EADEF269405FC00EC0192 /* UserInfo.swift */,
				7B2FD23F26A3C79500FFCE98 /* SettingsModels.swift */,
				7B2FD24326A7DCB300FFCE98 /* Comment.swift */,
				7B2FD24726AA7C5900FFCE98 /* SinglePostCellType.swift */,
			);
			path = Models;
			sourceTree = "<group>";
		};
		7B9C596E2660B1A50000C217 /* ViewModels */ = {
			isa = PBXGroup;
			children = (
				7B9E5BB626810ECA002E8222 /* Notification ViewModels */,
				7B9C596F2660B2120000C217 /* PosterCollectionViewCellViewModel.swift */,
				7B9C59712660B2520000C217 /* PostCollectionViewCellViewModel.swift */,
				7B9C59732660B29C0000C217 /* PostActionsCollectionViewCellViewModel.swift */,
				7B9C59752660B2EE0000C217 /* PostLikesCollectionViewCellViewModel.swift */,
				7B9C59772660B3430000C217 /* PostCaptionCollectionViewCellViewModel.swift */,
				7B9C59792660B3A90000C217 /* PostDatetimeCollectionViewCellViewModel.swift */,
				7B5EADE9268D75BC00EC0192 /* ProfileHeaderViewModel.swift */,
				7B5EADED2690231C00EC0192 /* ProfileHeaderCountViewModel.swift */,
				7BC6E93C269A9C6E00419BDF /* ListUserTableViewCellViewModel.swift */,
			);
			path = ViewModels;
			sourceTree = "<group>";
		};
		7B9E5BA5267FB577002E8222 /* Notification Cells */ = {
			isa = PBXGroup;
			children = (
				7B9E5BA6267FB597002E8222 /* FollowNotificationTableViewCell.swift */,
				7B9E5BA8267FB5C1002E8222 /* LikeNotificationTableViewCell.swift */,
				7B9E5BAA267FB5DF002E8222 /* CommentNotificationTableViewCell.swift */,
			);
			path = "Notification Cells";
			sourceTree = "<group>";
		};
		7B9E5BB626810ECA002E8222 /* Notification ViewModels */ = {
			isa = PBXGroup;
			children = (
				7B9E5BB026810E19002E8222 /* FollowNotificationCellViewModel.swift */,
				7B9E5BB226810EAC002E8222 /* LikeNotificationCellViewModel.swift */,
				7B9E5BB426810EC5002E8222 /* CommentNotificationCellViewModel.swift */,
			);
			path = "Notification ViewModels";
			sourceTree = "<group>";
		};
		7BC8CC90264602DA007ACA1A /* Resources */ = {
			isa = PBXGroup;
			children = (
				7B3D173E2647526000831E13 /* GoogleService-Info.plist */,
				7B567CF22645FE9E00512ED0 /* Assets.xcassets */,
				7B567CE92645FE9C00512ED0 /* AppDelegate.swift */,
				7B567CEB2645FE9C00512ED0 /* SceneDelegate.swift */,
				7B83752A264B955E00159105 /* Extensions.swift */,
			);
			path = Resources;
			sourceTree = "<group>";
		};
		7BC8CC912646031A007ACA1A /* Controllers */ = {
			isa = PBXGroup;
			children = (
				7B837530264F73EC00159105 /* Other */,
				7BC8CC9326460C1C007ACA1A /* Core */,
			);
			path = Controllers;
			sourceTree = "<group>";
		};
		7BC8CC9226460362007ACA1A /* Views */ = {
			isa = PBXGroup;
			children = (
				7B9E5BA5267FB577002E8222 /* Notification Cells */,
				7BFE15A92661F813006A18B3 /* Home Cells */,
				7B567CF42645FE9E00512ED0 /* LaunchScreen.storyboard */,
				7B83752C264B9E3C00159105 /* SignInHeaderView.swift */,
				7B83752E264E2B0300159105 /* IGTextField.swift */,
				7BFE15BC266F1E46006A18B3 /* PhotoCollectionViewCell.swift */,
				7B5EADE7268D753500EC0192 /* ProfileHeaderCollectionReusableView.swift */,
				7B5EADEB268E7EBF00EC0192 /* ProfileHeaderCountView.swift */,
				7B5EADF32698215900EC0192 /* IGFollowButton.swift */,
				7BC6E93A269A990F00419BDF /* ListUserTableViewCell.swift */,
				7B2FD24126A63AAA00FFCE98 /* CommentCollectionViewCell.swift */,
				7B2FD24526A9090100FFCE98 /* CommentBarView.swift */,
			);
			path = Views;
			sourceTree = "<group>";
		};
		7BC8CC9326460C1C007ACA1A /* Core */ = {
			isa = PBXGroup;
			children = (
				7B567CED2645FE9C00512ED0 /* HomeViewController.swift */,
				7B3D17562648378E00831E13 /* TabBarViewController.swift */,
				7B3D175826483A7300831E13 /* ExploreViewController.swift */,
				7B3D175A26483A9700831E13 /* CameraViewController.swift */,
				7B3D175C26483AC100831E13 /* NotificationsViewController.swift */,
				7B3D175E26483AE500831E13 /* ProfileViewController.swift */,
			);
			path = Core;
			sourceTree = "<group>";
		};
		7BFE15A92661F813006A18B3 /* Home Cells */ = {
			isa = PBXGroup;
			children = (
				7BFE15AA2661F839006A18B3 /* PosterCollectionViewCell.swift */,
				7BFE15AC2661F8F5006A18B3 /* PostCollectionViewCell.swift */,
				7BFE15AE2661F933006A18B3 /* PostActionsCollectionViewCell.swift */,
				7BFE15B02661F95A006A18B3 /* PostLikesCollectionViewCell.swift */,
				7BFE15B22661F973006A18B3 /* PostCaptionCollectionViewCell.swift */,
				7BFE15B42661F9B2006A18B3 /* PostDatetimeCollectionViewCell.swift */,
			);
			path = "Home Cells";
			sourceTree = "<group>";
		};
/* End PBXGroup section */

/* Begin PBXNativeTarget section */
		7B2FD24E26B2724400FFCE98 /* IGTests */ = {
			isa = PBXNativeTarget;
			buildConfigurationList = 7B2FD25826B2724400FFCE98 /* Build configuration list for PBXNativeTarget "IGTests" */;
			buildPhases = (
				49BAD3C8D24A2B55EE2F6363 /* [CP] Check Pods Manifest.lock */,
				7B2FD24B26B2724400FFCE98 /* Sources */,
				7B2FD24C26B2724400FFCE98 /* Frameworks */,
				7B2FD24D26B2724400FFCE98 /* Resources */,
				6FBAF2729D7AB6ACDB08D9BD /* [CP] Embed Pods Frameworks */,
			);
			buildRules = (
			);
			dependencies = (
				7B2FD25526B2724400FFCE98 /* PBXTargetDependency */,
			);
			name = IGTests;
			productName = IGTests;
			productReference = 7B2FD24F26B2724400FFCE98 /* IGTests.xctest */;
			productType = "com.apple.product-type.bundle.unit-test";
		};
		7B567CE52645FE9C00512ED0 /* IG */ = {
			isa = PBXNativeTarget;
			buildConfigurationList = 7B567CFA2645FE9E00512ED0 /* Build configuration list for PBXNativeTarget "IG" */;
			buildPhases = (
				A4BBDFB46BA4E261636ACA83 /* [CP] Check Pods Manifest.lock */,
				7B567CE22645FE9C00512ED0 /* Sources */,
				7B567CE32645FE9C00512ED0 /* Frameworks */,
				7B567CE42645FE9C00512ED0 /* Resources */,
				FE52CE6906D05E3ED4F2E976 /* [CP] Embed Pods Frameworks */,
			);
			buildRules = (
			);
			dependencies = (
			);
			name = IG;
			productName = IG;
			productReference = 7B567CE62645FE9C00512ED0 /* IG.app */;
			productType = "com.apple.product-type.application";
		};
/* End PBXNativeTarget section */

/* Begin PBXProject section */
		7B567CDE2645FE9C00512ED0 /* Project object */ = {
			isa = PBXProject;
			attributes = {
				LastSwiftUpdateCheck = 1250;
				LastUpgradeCheck = 1250;
				TargetAttributes = {
					7B2FD24E26B2724400FFCE98 = {
						CreatedOnToolsVersion = 12.5.1;
						TestTargetID = 7B567CE52645FE9C00512ED0;
					};
					7B567CE52645FE9C00512ED0 = {
						CreatedOnToolsVersion = 12.5;
					};
				};
			};
			buildConfigurationList = 7B567CE12645FE9C00512ED0 /* Build configuration list for PBXProject "IG" */;
			compatibilityVersion = "Xcode 9.3";
			developmentRegion = en;
			hasScannedForEncodings = 0;
			knownRegions = (
				en,
				Base,
			);
			mainGroup = 7B567CDD2645FE9C00512ED0;
			productRefGroup = 7B567CE72645FE9C00512ED0 /* Products */;
			projectDirPath = "";
			projectRoot = "";
			targets = (
				7B567CE52645FE9C00512ED0 /* IG */,
				7B2FD24E26B2724400FFCE98 /* IGTests */,
			);
		};
/* End PBXProject section */

/* Begin PBXResourcesBuildPhase section */
		7B2FD24D26B2724400FFCE98 /* Resources */ = {
			isa = PBXResourcesBuildPhase;
			buildActionMask = 2147483647;
			files = (
			);
			runOnlyForDeploymentPostprocessing = 0;
		};
		7B567CE42645FE9C00512ED0 /* Resources */ = {
			isa = PBXResourcesBuildPhase;
			buildActionMask = 2147483647;
			files = (
				7B567CF62645FE9E00512ED0 /* LaunchScreen.storyboard in Resources */,
				7B567CF32645FE9E00512ED0 /* Assets.xcassets in Resources */,
				7B3D173F2647526000831E13 /* GoogleService-Info.plist in Resources */,
			);
			runOnlyForDeploymentPostprocessing = 0;
		};
/* End PBXResourcesBuildPhase section */

/* Begin PBXShellScriptBuildPhase section */
		49BAD3C8D24A2B55EE2F6363 /* [CP] Check Pods Manifest.lock */ = {
			isa = PBXShellScriptBuildPhase;
			buildActionMask = 2147483647;
			files = (
			);
			inputFileListPaths = (
			);
			inputPaths = (
				"${PODS_PODFILE_DIR_PATH}/Podfile.lock",
				"${PODS_ROOT}/Manifest.lock",
			);
			name = "[CP] Check Pods Manifest.lock";
			outputFileListPaths = (
			);
			outputPaths = (
				"$(DERIVED_FILE_DIR)/Pods-IGTests-checkManifestLockResult.txt",
			);
			runOnlyForDeploymentPostprocessing = 0;
			shellPath = /bin/sh;
			shellScript = "diff \"${PODS_PODFILE_DIR_PATH}/Podfile.lock\" \"${PODS_ROOT}/Manifest.lock\" > /dev/null\nif [ $? != 0 ] ; then\n    # print error to STDERR\n    echo \"error: The sandbox is not in sync with the Podfile.lock. Run 'pod install' or update your CocoaPods installation.\" >&2\n    exit 1\nfi\n# This output is used by Xcode 'outputs' to avoid re-running this script phase.\necho \"SUCCESS\" > \"${SCRIPT_OUTPUT_FILE_0}\"\n";
			showEnvVarsInLog = 0;
		};
		6FBAF2729D7AB6ACDB08D9BD /* [CP] Embed Pods Frameworks */ = {
			isa = PBXShellScriptBuildPhase;
			buildActionMask = 2147483647;
			files = (
			);
			inputFileListPaths = (
				"${PODS_ROOT}/Target Support Files/Pods-IGTests/Pods-IGTests-frameworks-${CONFIGURATION}-input-files.xcfilelist",
			);
			name = "[CP] Embed Pods Frameworks";
			outputFileListPaths = (
				"${PODS_ROOT}/Target Support Files/Pods-IGTests/Pods-IGTests-frameworks-${CONFIGURATION}-output-files.xcfilelist",
			);
			runOnlyForDeploymentPostprocessing = 0;
			shellPath = /bin/sh;
			shellScript = "\"${PODS_ROOT}/Target Support Files/Pods-IGTests/Pods-IGTests-frameworks.sh\"\n";
			showEnvVarsInLog = 0;
		};
		A4BBDFB46BA4E261636ACA83 /* [CP] Check Pods Manifest.lock */ = {
			isa = PBXShellScriptBuildPhase;
			buildActionMask = 2147483647;
			files = (
			);
			inputFileListPaths = (
			);
			inputPaths = (
				"${PODS_PODFILE_DIR_PATH}/Podfile.lock",
				"${PODS_ROOT}/Manifest.lock",
			);
			name = "[CP] Check Pods Manifest.lock";
			outputFileListPaths = (
			);
			outputPaths = (
				"$(DERIVED_FILE_DIR)/Pods-IG-checkManifestLockResult.txt",
			);
			runOnlyForDeploymentPostprocessing = 0;
			shellPath = /bin/sh;
			shellScript = "diff \"${PODS_PODFILE_DIR_PATH}/Podfile.lock\" \"${PODS_ROOT}/Manifest.lock\" > /dev/null\nif [ $? != 0 ] ; then\n    # print error to STDERR\n    echo \"error: The sandbox is not in sync with the Podfile.lock. Run 'pod install' or update your CocoaPods installation.\" >&2\n    exit 1\nfi\n# This output is used by Xcode 'outputs' to avoid re-running this script phase.\necho \"SUCCESS\" > \"${SCRIPT_OUTPUT_FILE_0}\"\n";
			showEnvVarsInLog = 0;
		};
		FE52CE6906D05E3ED4F2E976 /* [CP] Embed Pods Frameworks */ = {
			isa = PBXShellScriptBuildPhase;
			buildActionMask = 2147483647;
			files = (
			);
			inputFileListPaths = (
				"${PODS_ROOT}/Target Support Files/Pods-IG/Pods-IG-frameworks-${CONFIGURATION}-input-files.xcfilelist",
			);
			name = "[CP] Embed Pods Frameworks";
			outputFileListPaths = (
				"${PODS_ROOT}/Target Support Files/Pods-IG/Pods-IG-frameworks-${CONFIGURATION}-output-files.xcfilelist",
			);
			runOnlyForDeploymentPostprocessing = 0;
			shellPath = /bin/sh;
			shellScript = "\"${PODS_ROOT}/Target Support Files/Pods-IG/Pods-IG-frameworks.sh\"\n";
			showEnvVarsInLog = 0;
		};
/* End PBXShellScriptBuildPhase section */

/* Begin PBXSourcesBuildPhase section */
		7B2FD24B26B2724400FFCE98 /* Sources */ = {
			isa = PBXSourcesBuildPhase;
			buildActionMask = 2147483647;
			files = (
				7B2FD25226B2724400FFCE98 /* IGTests.swift in Sources */,
			);
			runOnlyForDeploymentPostprocessing = 0;
		};
		7B567CE22645FE9C00512ED0 /* Sources */ = {
			isa = PBXSourcesBuildPhase;
			buildActionMask = 2147483647;
			files = (
				7BFE15B92666FC39006A18B3 /* ListViewController.swift in Sources */,
				7BB0414226786F85005044B0 /* SearchResultsViewController.swift in Sources */,
				7B2FD24026A3C79500FFCE98 /* SettingsModels.swift in Sources */,
				7BFE15BB266C9097006A18B3 /* PostEditViewController.swift in Sources */,
				7B5EADEC268E7EBF00EC0192 /* ProfileHeaderCountView.swift in Sources */,
				7B5EADE8268D753500EC0192 /* ProfileHeaderCollectionReusableView.swift in Sources */,
				7B3D175B26483A9700831E13 /* CameraViewController.swift in Sources */,
				7B567CEE2645FE9C00512ED0 /* HomeViewController.swift in Sources */,
				7B5EADF42698215900EC0192 /* IGFollowButton.swift in Sources */,
				7B2FD24A26AE503B00FFCE98 /* HapticsManager.swift in Sources */,
				7B3D17482647551300831E13 /* AnalyticsManager.swift in Sources */,
				7BFE15BD266F1E46006A18B3 /* PhotoCollectionViewCell.swift in Sources */,
				7B3D175D26483AC100831E13 /* NotificationsViewController.swift in Sources */,
				7B83752D264B9E3C00159105 /* SignInHeaderView.swift in Sources */,
				7B9A6DD92658CE810012B166 /* SettingsViewController.swift in Sources */,
				7B837539264F960400159105 /* SignUpViewController.swift in Sources */,
				7BFE15B12661F95A006A18B3 /* PostLikesCollectionViewCell.swift in Sources */,
				7B9E5BB326810EAC002E8222 /* LikeNotificationCellViewModel.swift in Sources */,
				7B9E5BB126810E19002E8222 /* FollowNotificationCellViewModel.swift in Sources */,
				7B9E5BB526810EC5002E8222 /* CommentNotificationCellViewModel.swift in Sources */,
				7BFE15BF266F2249006A18B3 /* CaptionViewController.swift in Sources */,
				7B83752F264E2B0300159105 /* IGTextField.swift in Sources */,
				7BFE15B52661F9B2006A18B3 /* PostDatetimeCollectionViewCell.swift in Sources */,
				7B3D175926483A7300831E13 /* ExploreViewController.swift in Sources */,
				7B3D17422647540E00831E13 /* AuthManager.swift in Sources */,
				7BC6E93D269A9C6E00419BDF /* ListUserTableViewCellViewModel.swift in Sources */,
				7B5EADE62684FF0B00EC0192 /* IGNotification.swift in Sources */,
				7B9C59702660B2120000C217 /* PosterCollectionViewCellViewModel.swift in Sources */,
				7BFE15AF2661F933006A18B3 /* PostActionsCollectionViewCell.swift in Sources */,
				7B3D17442647548300831E13 /* DatabaseManager.swift in Sources */,
				7B2FD24826AA7C5900FFCE98 /* SinglePostCellType.swift in Sources */,
				7B2FD24626A9090100FFCE98 /* CommentBarView.swift in Sources */,
				7B5EADF22695600B00EC0192 /* EditProfileViewController.swift in Sources */,
				7B5EADEE2690231C00EC0192 /* ProfileHeaderCountViewModel.swift in Sources */,
				7BFE15AD2661F8F5006A18B3 /* PostCollectionViewCell.swift in Sources */,
				7B3D17572648378E00831E13 /* TabBarViewController.swift in Sources */,
				7B3D17552648376600831E13 /* SignInViewController.swift in Sources */,
				7B9C59782660B3430000C217 /* PostCaptionCollectionViewCellViewModel.swift in Sources */,
				7B3D1746264754DC00831E13 /* StorageManager.swift in Sources */,
				7B3D175F26483AE500831E13 /* ProfileViewController.swift in Sources */,
				7B9E5BAD267FB7C3002E8222 /* NotificationsManager.swift in Sources */,
				7BC6E93B269A990F00419BDF /* ListUserTableViewCell.swift in Sources */,
				7BFE15B72666F7F3006A18B3 /* PostViewController.swift in Sources */,
				7B9C597A2660B3A90000C217 /* PostDatetimeCollectionViewCellViewModel.swift in Sources */,
				7BFE15AB2661F839006A18B3 /* PosterCollectionViewCell.swift in Sources */,
				7B5EADEA268D75BC00EC0192 /* ProfileHeaderViewModel.swift in Sources */,
				7B9E5BA7267FB597002E8222 /* FollowNotificationTableViewCell.swift in Sources */,
				7B83753E26548B3100159105 /* User.swift in Sources */,
				7B34004126B8F574001CBB47 /* ChatViewController.swift in Sources */,
				7B9C59722660B2520000C217 /* PostCollectionViewCellViewModel.swift in Sources */,
				7B2FD24226A63AAA00FFCE98 /* CommentCollectionViewCell.swift in Sources */,
				7B567CEA2645FE9C00512ED0 /* AppDelegate.swift in Sources */,
				7B567CEC2645FE9C00512ED0 /* SceneDelegate.swift in Sources */,
				7B9E5BAB267FB5DF002E8222 /* CommentNotificationTableViewCell.swift in Sources */,
				7B5EADF0269405FC00EC0192 /* UserInfo.swift in Sources */,
				7B9C597C2660B5060000C217 /* HomeFeedCellType.swift in Sources */,
				7B9C59762660B2EE0000C217 /* PostLikesCollectionViewCellViewModel.swift in Sources */,
				7B83752B264B955E00159105 /* Extensions.swift in Sources */,
				7BB0414026731726005044B0 /* Post.swift in Sources */,
				7B2FD24426A7DCB300FFCE98 /* Comment.swift in Sources */,
				7BA4EF2C26BCFE4900E255EE /* NewConversationViewController.swift in Sources */,
				7B34003F26B3ACF4001CBB47 /* ConversationsViewController.swift in Sources */,
				7B9E5BA9267FB5C1002E8222 /* LikeNotificationTableViewCell.swift in Sources */,
				7BFE15B32661F973006A18B3 /* PostCaptionCollectionViewCell.swift in Sources */,
				7B9E5BAF26810DC0002E8222 /* NotificationCellType.swift in Sources */,
				7B9C59742660B29C0000C217 /* PostActionsCollectionViewCellViewModel.swift in Sources */,
			);
			runOnlyForDeploymentPostprocessing = 0;
		};
/* End PBXSourcesBuildPhase section */

/* Begin PBXTargetDependency section */
		7B2FD25526B2724400FFCE98 /* PBXTargetDependency */ = {
			isa = PBXTargetDependency;
			target = 7B567CE52645FE9C00512ED0 /* IG */;
			targetProxy = 7B2FD25426B2724400FFCE98 /* PBXContainerItemProxy */;
		};
/* End PBXTargetDependency section */

/* Begin PBXVariantGroup section */
		7B567CF42645FE9E00512ED0 /* LaunchScreen.storyboard */ = {
			isa = PBXVariantGroup;
			children = (
				7B567CF52645FE9E00512ED0 /* Base */,
			);
			name = LaunchScreen.storyboard;
			sourceTree = "<group>";
		};
/* End PBXVariantGroup section */

/* Begin XCBuildConfiguration section */
		7B2FD25626B2724400FFCE98 /* Debug */ = {
			isa = XCBuildConfiguration;
			baseConfigurationReference = 56B06870A3094665BE83AEC7 /* Pods-IGTests.debug.xcconfig */;
			buildSettings = {
				BUNDLE_LOADER = "$(TEST_HOST)";
				CODE_SIGN_STYLE = Automatic;
				DEVELOPMENT_TEAM = 8C6N42M8X3;
				INFOPLIST_FILE = IGTests/Info.plist;
				LD_RUNPATH_SEARCH_PATHS = (
					"$(inherited)",
					"@executable_path/Frameworks",
					"@loader_path/Frameworks",
				);
				PRODUCT_BUNDLE_IDENTIFIER = com.jamestrada.IGTests;
				PRODUCT_NAME = "$(TARGET_NAME)";
				SWIFT_VERSION = 5.0;
				TARGETED_DEVICE_FAMILY = "1,2";
				TEST_HOST = "$(BUILT_PRODUCTS_DIR)/IG.app/IG";
			};
			name = Debug;
		};
		7B2FD25726B2724400FFCE98 /* Release */ = {
			isa = XCBuildConfiguration;
			baseConfigurationReference = 7B0B965A48AE8111556A2C51 /* Pods-IGTests.release.xcconfig */;
			buildSettings = {
				BUNDLE_LOADER = "$(TEST_HOST)";
				CODE_SIGN_STYLE = Automatic;
				DEVELOPMENT_TEAM = 8C6N42M8X3;
				INFOPLIST_FILE = IGTests/Info.plist;
				LD_RUNPATH_SEARCH_PATHS = (
					"$(inherited)",
					"@executable_path/Frameworks",
					"@loader_path/Frameworks",
				);
				PRODUCT_BUNDLE_IDENTIFIER = com.jamestrada.IGTests;
				PRODUCT_NAME = "$(TARGET_NAME)";
				SWIFT_VERSION = 5.0;
				TARGETED_DEVICE_FAMILY = "1,2";
				TEST_HOST = "$(BUILT_PRODUCTS_DIR)/IG.app/IG";
			};
			name = Release;
		};
		7B567CF82645FE9E00512ED0 /* Debug */ = {
			isa = XCBuildConfiguration;
			buildSettings = {
				ALWAYS_SEARCH_USER_PATHS = NO;
				CLANG_ANALYZER_NONNULL = YES;
				CLANG_ANALYZER_NUMBER_OBJECT_CONVERSION = YES_AGGRESSIVE;
				CLANG_CXX_LANGUAGE_STANDARD = "gnu++14";
				CLANG_CXX_LIBRARY = "libc++";
				CLANG_ENABLE_MODULES = YES;
				CLANG_ENABLE_OBJC_ARC = YES;
				CLANG_ENABLE_OBJC_WEAK = YES;
				CLANG_WARN_BLOCK_CAPTURE_AUTORELEASING = YES;
				CLANG_WARN_BOOL_CONVERSION = YES;
				CLANG_WARN_COMMA = YES;
				CLANG_WARN_CONSTANT_CONVERSION = YES;
				CLANG_WARN_DEPRECATED_OBJC_IMPLEMENTATIONS = YES;
				CLANG_WARN_DIRECT_OBJC_ISA_USAGE = YES_ERROR;
				CLANG_WARN_DOCUMENTATION_COMMENTS = YES;
				CLANG_WARN_EMPTY_BODY = YES;
				CLANG_WARN_ENUM_CONVERSION = YES;
				CLANG_WARN_INFINITE_RECURSION = YES;
				CLANG_WARN_INT_CONVERSION = YES;
				CLANG_WARN_NON_LITERAL_NULL_CONVERSION = YES;
				CLANG_WARN_OBJC_IMPLICIT_RETAIN_SELF = YES;
				CLANG_WARN_OBJC_LITERAL_CONVERSION = YES;
				CLANG_WARN_OBJC_ROOT_CLASS = YES_ERROR;
				CLANG_WARN_QUOTED_INCLUDE_IN_FRAMEWORK_HEADER = YES;
				CLANG_WARN_RANGE_LOOP_ANALYSIS = YES;
				CLANG_WARN_STRICT_PROTOTYPES = YES;
				CLANG_WARN_SUSPICIOUS_MOVE = YES;
				CLANG_WARN_UNGUARDED_AVAILABILITY = YES_AGGRESSIVE;
				CLANG_WARN_UNREACHABLE_CODE = YES;
				CLANG_WARN__DUPLICATE_METHOD_MATCH = YES;
				COPY_PHASE_STRIP = NO;
				DEBUG_INFORMATION_FORMAT = dwarf;
				ENABLE_STRICT_OBJC_MSGSEND = YES;
				ENABLE_TESTABILITY = YES;
				GCC_C_LANGUAGE_STANDARD = gnu11;
				GCC_DYNAMIC_NO_PIC = NO;
				GCC_NO_COMMON_BLOCKS = YES;
				GCC_OPTIMIZATION_LEVEL = 0;
				GCC_PREPROCESSOR_DEFINITIONS = (
					"DEBUG=1",
					"$(inherited)",
				);
				GCC_WARN_64_TO_32_BIT_CONVERSION = YES;
				GCC_WARN_ABOUT_RETURN_TYPE = YES_ERROR;
				GCC_WARN_UNDECLARED_SELECTOR = YES;
				GCC_WARN_UNINITIALIZED_AUTOS = YES_AGGRESSIVE;
				GCC_WARN_UNUSED_FUNCTION = YES;
				GCC_WARN_UNUSED_VARIABLE = YES;
				IPHONEOS_DEPLOYMENT_TARGET = 14.5;
				MTL_ENABLE_DEBUG_INFO = INCLUDE_SOURCE;
				MTL_FAST_MATH = YES;
				ONLY_ACTIVE_ARCH = YES;
				SDKROOT = iphoneos;
				SWIFT_ACTIVE_COMPILATION_CONDITIONS = DEBUG;
				SWIFT_OPTIMIZATION_LEVEL = "-Onone";
			};
			name = Debug;
		};
		7B567CF92645FE9E00512ED0 /* Release */ = {
			isa = XCBuildConfiguration;
			buildSettings = {
				ALWAYS_SEARCH_USER_PATHS = NO;
				CLANG_ANALYZER_NONNULL = YES;
				CLANG_ANALYZER_NUMBER_OBJECT_CONVERSION = YES_AGGRESSIVE;
				CLANG_CXX_LANGUAGE_STANDARD = "gnu++14";
				CLANG_CXX_LIBRARY = "libc++";
				CLANG_ENABLE_MODULES = YES;
				CLANG_ENABLE_OBJC_ARC = YES;
				CLANG_ENABLE_OBJC_WEAK = YES;
				CLANG_WARN_BLOCK_CAPTURE_AUTORELEASING = YES;
				CLANG_WARN_BOOL_CONVERSION = YES;
				CLANG_WARN_COMMA = YES;
				CLANG_WARN_CONSTANT_CONVERSION = YES;
				CLANG_WARN_DEPRECATED_OBJC_IMPLEMENTATIONS = YES;
				CLANG_WARN_DIRECT_OBJC_ISA_USAGE = YES_ERROR;
				CLANG_WARN_DOCUMENTATION_COMMENTS = YES;
				CLANG_WARN_EMPTY_BODY = YES;
				CLANG_WARN_ENUM_CONVERSION = YES;
				CLANG_WARN_INFINITE_RECURSION = YES;
				CLANG_WARN_INT_CONVERSION = YES;
				CLANG_WARN_NON_LITERAL_NULL_CONVERSION = YES;
				CLANG_WARN_OBJC_IMPLICIT_RETAIN_SELF = YES;
				CLANG_WARN_OBJC_LITERAL_CONVERSION = YES;
				CLANG_WARN_OBJC_ROOT_CLASS = YES_ERROR;
				CLANG_WARN_QUOTED_INCLUDE_IN_FRAMEWORK_HEADER = YES;
				CLANG_WARN_RANGE_LOOP_ANALYSIS = YES;
				CLANG_WARN_STRICT_PROTOTYPES = YES;
				CLANG_WARN_SUSPICIOUS_MOVE = YES;
				CLANG_WARN_UNGUARDED_AVAILABILITY = YES_AGGRESSIVE;
				CLANG_WARN_UNREACHABLE_CODE = YES;
				CLANG_WARN__DUPLICATE_METHOD_MATCH = YES;
				COPY_PHASE_STRIP = NO;
				DEBUG_INFORMATION_FORMAT = "dwarf-with-dsym";
				ENABLE_NS_ASSERTIONS = NO;
				ENABLE_STRICT_OBJC_MSGSEND = YES;
				GCC_C_LANGUAGE_STANDARD = gnu11;
				GCC_NO_COMMON_BLOCKS = YES;
				GCC_WARN_64_TO_32_BIT_CONVERSION = YES;
				GCC_WARN_ABOUT_RETURN_TYPE = YES_ERROR;
				GCC_WARN_UNDECLARED_SELECTOR = YES;
				GCC_WARN_UNINITIALIZED_AUTOS = YES_AGGRESSIVE;
				GCC_WARN_UNUSED_FUNCTION = YES;
				GCC_WARN_UNUSED_VARIABLE = YES;
				IPHONEOS_DEPLOYMENT_TARGET = 14.5;
				MTL_ENABLE_DEBUG_INFO = NO;
				MTL_FAST_MATH = YES;
				SDKROOT = iphoneos;
				SWIFT_COMPILATION_MODE = wholemodule;
				SWIFT_OPTIMIZATION_LEVEL = "-O";
				VALIDATE_PRODUCT = YES;
			};
			name = Release;
		};
		7B567CFB2645FE9E00512ED0 /* Debug */ = {
			isa = XCBuildConfiguration;
			baseConfigurationReference = F70894DBBBDD01391B2E610C /* Pods-IG.debug.xcconfig */;
			buildSettings = {
				ASSETCATALOG_COMPILER_APPICON_NAME = AppIcon;
				ASSETCATALOG_COMPILER_GLOBAL_ACCENT_COLOR_NAME = AccentColor;
				CODE_SIGN_STYLE = Automatic;
				DEVELOPMENT_TEAM = 8C6N42M8X3;
				INFOPLIST_FILE = IG/Info.plist;
				IPHONEOS_DEPLOYMENT_TARGET = 13.0;
				LD_RUNPATH_SEARCH_PATHS = (
					"$(inherited)",
					"@executable_path/Frameworks",
				);
				PRODUCT_BUNDLE_IDENTIFIER = com.jamestrada.IG;
				PRODUCT_NAME = "$(TARGET_NAME)";
				SWIFT_VERSION = 5.0;
				TARGETED_DEVICE_FAMILY = 1;
			};
			name = Debug;
		};
		7B567CFC2645FE9E00512ED0 /* Release */ = {
			isa = XCBuildConfiguration;
			baseConfigurationReference = 30B730D9963722385E1CFC91 /* Pods-IG.release.xcconfig */;
			buildSettings = {
				ASSETCATALOG_COMPILER_APPICON_NAME = AppIcon;
				ASSETCATALOG_COMPILER_GLOBAL_ACCENT_COLOR_NAME = AccentColor;
				CODE_SIGN_STYLE = Automatic;
				DEVELOPMENT_TEAM = 8C6N42M8X3;
				INFOPLIST_FILE = IG/Info.plist;
				IPHONEOS_DEPLOYMENT_TARGET = 13.0;
				LD_RUNPATH_SEARCH_PATHS = (
					"$(inherited)",
					"@executable_path/Frameworks",
				);
				PRODUCT_BUNDLE_IDENTIFIER = com.jamestrada.IG;
				PRODUCT_NAME = "$(TARGET_NAME)";
				SWIFT_VERSION = 5.0;
				TARGETED_DEVICE_FAMILY = 1;
			};
			name = Release;
		};
/* End XCBuildConfiguration section */

/* Begin XCConfigurationList section */
		7B2FD25826B2724400FFCE98 /* Build configuration list for PBXNativeTarget "IGTests" */ = {
			isa = XCConfigurationList;
			buildConfigurations = (
				7B2FD25626B2724400FFCE98 /* Debug */,
				7B2FD25726B2724400FFCE98 /* Release */,
			);
			defaultConfigurationIsVisible = 0;
			defaultConfigurationName = Release;
		};
		7B567CE12645FE9C00512ED0 /* Build configuration list for PBXProject "IG" */ = {
			isa = XCConfigurationList;
			buildConfigurations = (
				7B567CF82645FE9E00512ED0 /* Debug */,
				7B567CF92645FE9E00512ED0 /* Release */,
			);
			defaultConfigurationIsVisible = 0;
			defaultConfigurationName = Release;
		};
		7B567CFA2645FE9E00512ED0 /* Build configuration list for PBXNativeTarget "IG" */ = {
			isa = XCConfigurationList;
			buildConfigurations = (
				7B567CFB2645FE9E00512ED0 /* Debug */,
				7B567CFC2645FE9E00512ED0 /* Release */,
			);
			defaultConfigurationIsVisible = 0;
			defaultConfigurationName = Release;
		};
/* End XCConfigurationList section */
	};
	rootObject = 7B567CDE2645FE9C00512ED0 /* Project object */;
}
